
Microsoft Visual Studio Solution File, Format Version 12.00
# Visual Studio Version 16
VisualStudioVersion = 16.0.31025.194
MinimumVisualStudioVersion = 10.0.40219.1
Project("{9A19103F-16F7-4668-BE54-9A1E7A4F7556}") = "Api2", "Api2\Api2.csproj", "{30BD1683-98CF-4FAA-A7F6-4F8DCEA33FE1}"
EndProject
Project("{9A19103F-16F7-4668-BE54-9A1E7A4F7556}") = "ApiCore", "ApiCore\ApiCore.csproj", "{24BFC8A1-1552-4925-ACAF-2F703FF76741}"
EndProject
Global
	GlobalSection(SolutionConfigurationPlatforms) = preSolution
		Debug|Any CPU = Debug|Any CPU
		Release|Any CPU = Release|Any CPU
	EndGlobalSection
	GlobalSection(ProjectConfigurationPlatforms) = postSolution
		{30BD1683-98CF-4FAA-A7F6-4F8DCEA33FE1}.Debug|Any CPU.ActiveCfg = Debug|Any CPU
		{30BD1683-98CF-4FAA-A7F6-4F8DCEA33FE1}.Debug|Any CPU.Build.0 = Debug|Any CPU
		{30BD1683-98CF-4FAA-A7F6-4F8DCEA33FE1}.Release|Any CPU.ActiveCfg = Release|Any CPU
		{30BD1683-98CF-4FAA-A7F6-4F8DCEA33FE1}.Release|Any CPU.Build.0 = Release|Any CPU
		{24BFC8A1-1552-4925-ACAF-2F703FF76741}.Debug|Any CPU.ActiveCfg = Debug|Any CPU
		{24BFC8A1-1552-4925-ACAF-2F703FF76741}.Debug|Any CPU.Build.0 = Debug|Any CPU
		{24BFC8A1-1552-4925-ACAF-2F703FF76741}.Release|Any CPU.ActiveCfg = Release|Any CPU
		{24BFC8A1-1552-4925-ACAF-2F703FF76741}.Release|Any CPU.Build.0 = Release|Any CPU
	EndGlobalSection
	GlobalSection(SolutionProperties) = preSolution
		HideSolutionNode = FALSE
	EndGlobalSection
	GlobalSection(ExtensibilityGlobals) = postSolution
		SolutionGuid = {B65A8C66-206D-4BF0-BB65-C5A834FCBDF2}
	EndGlobalSection
EndGlobal
